
Microsoft Visual Studio Solution File, Format Version 12.00
# Visual Studio Version 16
VisualStudioVersion = 16.0.31205.134
MinimumVisualStudioVersion = 10.0.40219.1
Project("{FAE04EC0-301F-11D3-BF4B-00C04F79EFBC}") = "Service", "W61199_Serwis\Service.csproj", "{8A7DB971-86BC-40E0-9771-A97F38D63CB3}"
EndProject
Project("{FAE04EC0-301F-11D3-BF4B-00C04F79EFBC}") = "TestyJednostkowe", "TestyJednostkowe\TestyJednostkowe.csproj", "{3B695628-231E-4584-9608-D63CEB1565F9}"
EndProject
Global
	GlobalSection(SolutionConfigurationPlatforms) = preSolution
		Debug|Any CPU = Debug|Any CPU
		Release|Any CPU = Release|Any CPU
	EndGlobalSection
	GlobalSection(ProjectConfigurationPlatforms) = postSolution
		{8A7DB971-86BC-40E0-9771-A97F38D63CB3}.Debug|Any CPU.ActiveCfg = Debug|Any CPU
		{8A7DB971-86BC-40E0-9771-A97F38D63CB3}.Debug|Any CPU.Build.0 = Debug|Any CPU
		{8A7DB971-86BC-40E0-9771-A97F38D63CB3}.Release|Any CPU.ActiveCfg = Release|Any CPU
		{8A7DB971-86BC-40E0-9771-A97F38D63CB3}.Release|Any CPU.Build.0 = Release|Any CPU
		{3B695628-231E-4584-9608-D63CEB1565F9}.Debug|Any CPU.ActiveCfg = Debug|Any CPU
		{3B695628-231E-4584-9608-D63CEB1565F9}.Debug|Any CPU.Build.0 = Debug|Any CPU
		{3B695628-231E-4584-9608-D63CEB1565F9}.Release|Any CPU.ActiveCfg = Release|Any CPU
		{3B695628-231E-4584-9608-D63CEB1565F9}.Release|Any CPU.Build.0 = Release|Any CPU
	EndGlobalSection
	GlobalSection(SolutionProperties) = preSolution
		HideSolutionNode = FALSE
	EndGlobalSection
	GlobalSection(ExtensibilityGlobals) = postSolution
		SolutionGuid = {C3B1B039-0BBC-4461-B172-8359F9D7C622}
	EndGlobalSection
EndGlobal
